
Microsoft Visual Studio Solution File, Format Version 12.00
# Visual Studio Version 17
VisualStudioVersion = 17.4.33213.308
MinimumVisualStudioVersion = 10.0.40219.1
Project("{2150E333-8FDC-42A3-9474-1A3956D46DE8}") = "Src", "Src", "{05BFA448-5C03-41AA-8B53-80B042B87D40}"
EndProject
Project("{2150E333-8FDC-42A3-9474-1A3956D46DE8}") = "Common", "Common", "{6E3A2507-D918-4E51-AA3A-42826E9B85FF}"
EndProject
Project("{2150E333-8FDC-42A3-9474-1A3956D46DE8}") = "Core", "Core", "{53B14323-5F98-4DAE-8AE9-6201FC102055}"
EndProject
Project("{2150E333-8FDC-42A3-9474-1A3956D46DE8}") = "Infrastructure", "Infrastructure", "{33434AF9-7E94-4C6E-B544-443ABB26DFEA}"
EndProject
Project("{2150E333-8FDC-42A3-9474-1A3956D46DE8}") = "Presentation", "Presentation", "{41A2CCB0-9BD7-48FF-9758-EB775AE56EEC}"
EndProject
Project("{9A19103F-16F7-4668-BE54-9A1E7A4F7556}") = "UniDb.Application", "UniDb.Application\UniDb.Application.csproj", "{D6D505C0-543B-4956-B1FC-694C57B91F3C}"
EndProject
Project("{9A19103F-16F7-4668-BE54-9A1E7A4F7556}") = "UniDb.Common", "UniDb.Common\UniDb.Common.csproj", "{59F92158-9F16-4755-8D79-A94854B0FD80}"
EndProject
Project("{9A19103F-16F7-4668-BE54-9A1E7A4F7556}") = "UniDb.Domain", "UniDb.Domain\UniDb.Domain.csproj", "{BEE6EB45-86B1-49B2-A400-B61B6ADC2E9B}"
EndProject
Project("{9A19103F-16F7-4668-BE54-9A1E7A4F7556}") = "UniDb.Infrastructure", "UniDb.Infrastructure\UniDb.Infrastructure.csproj", "{FBCDF6E0-C9C9-4CE6-A8AF-AF84C4D2345E}"
EndProject
Project("{9A19103F-16F7-4668-BE54-9A1E7A4F7556}") = "UniDb.Persistence", "UniDb.Persistence\UniDb.Persistence.csproj", "{CECC6F6C-BEB3-4538-B53D-89E78F63E7DA}"
EndProject
Project("{9A19103F-16F7-4668-BE54-9A1E7A4F7556}") = "UniDb.WebApi", "UniDb.WebApi\UniDb.WebApi.csproj", "{1C17AB5A-A681-4BEC-8FCA-546C7CEF166D}"
EndProject
Global
	GlobalSection(SolutionConfigurationPlatforms) = preSolution
		Debug|Any CPU = Debug|Any CPU
		Release|Any CPU = Release|Any CPU
	EndGlobalSection
	GlobalSection(ProjectConfigurationPlatforms) = postSolution
		{D6D505C0-543B-4956-B1FC-694C57B91F3C}.Debug|Any CPU.ActiveCfg = Debug|Any CPU
		{D6D505C0-543B-4956-B1FC-694C57B91F3C}.Debug|Any CPU.Build.0 = Debug|Any CPU
		{D6D505C0-543B-4956-B1FC-694C57B91F3C}.Release|Any CPU.ActiveCfg = Release|Any CPU
		{D6D505C0-543B-4956-B1FC-694C57B91F3C}.Release|Any CPU.Build.0 = Release|Any CPU
		{59F92158-9F16-4755-8D79-A94854B0FD80}.Debug|Any CPU.ActiveCfg = Debug|Any CPU
		{59F92158-9F16-4755-8D79-A94854B0FD80}.Debug|Any CPU.Build.0 = Debug|Any CPU
		{59F92158-9F16-4755-8D79-A94854B0FD80}.Release|Any CPU.ActiveCfg = Release|Any CPU
		{59F92158-9F16-4755-8D79-A94854B0FD80}.Release|Any CPU.Build.0 = Release|Any CPU
		{BEE6EB45-86B1-49B2-A400-B61B6ADC2E9B}.Debug|Any CPU.ActiveCfg = Debug|Any CPU
		{BEE6EB45-86B1-49B2-A400-B61B6ADC2E9B}.Debug|Any CPU.Build.0 = Debug|Any CPU
		{BEE6EB45-86B1-49B2-A400-B61B6ADC2E9B}.Release|Any CPU.ActiveCfg = Release|Any CPU
		{BEE6EB45-86B1-49B2-A400-B61B6ADC2E9B}.Release|Any CPU.Build.0 = Release|Any CPU
		{FBCDF6E0-C9C9-4CE6-A8AF-AF84C4D2345E}.Debug|Any CPU.ActiveCfg = Debug|Any CPU
		{FBCDF6E0-C9C9-4CE6-A8AF-AF84C4D2345E}.Debug|Any CPU.Build.0 = Debug|Any CPU
		{FBCDF6E0-C9C9-4CE6-A8AF-AF84C4D2345E}.Release|Any CPU.ActiveCfg = Release|Any CPU
		{FBCDF6E0-C9C9-4CE6-A8AF-AF84C4D2345E}.Release|Any CPU.Build.0 = Release|Any CPU
		{CECC6F6C-BEB3-4538-B53D-89E78F63E7DA}.Debug|Any CPU.ActiveCfg = Debug|Any CPU
		{CECC6F6C-BEB3-4538-B53D-89E78F63E7DA}.Debug|Any CPU.Build.0 = Debug|Any CPU
		{CECC6F6C-BEB3-4538-B53D-89E78F63E7DA}.Release|Any CPU.ActiveCfg = Release|Any CPU
		{CECC6F6C-BEB3-4538-B53D-89E78F63E7DA}.Release|Any CPU.Build.0 = Release|Any CPU
		{1C17AB5A-A681-4BEC-8FCA-546C7CEF166D}.Debug|Any CPU.ActiveCfg = Debug|Any CPU
		{1C17AB5A-A681-4BEC-8FCA-546C7CEF166D}.Debug|Any CPU.Build.0 = Debug|Any CPU
		{1C17AB5A-A681-4BEC-8FCA-546C7CEF166D}.Release|Any CPU.ActiveCfg = Release|Any CPU
		{1C17AB5A-A681-4BEC-8FCA-546C7CEF166D}.Release|Any CPU.Build.0 = Release|Any CPU
	EndGlobalSection
	GlobalSection(SolutionProperties) = preSolution
		HideSolutionNode = FALSE
	EndGlobalSection
	GlobalSection(NestedProjects) = preSolution
		{6E3A2507-D918-4E51-AA3A-42826E9B85FF} = {05BFA448-5C03-41AA-8B53-80B042B87D40}
		{53B14323-5F98-4DAE-8AE9-6201FC102055} = {05BFA448-5C03-41AA-8B53-80B042B87D40}
		{33434AF9-7E94-4C6E-B544-443ABB26DFEA} = {05BFA448-5C03-41AA-8B53-80B042B87D40}
		{41A2CCB0-9BD7-48FF-9758-EB775AE56EEC} = {05BFA448-5C03-41AA-8B53-80B042B87D40}
		{D6D505C0-543B-4956-B1FC-694C57B91F3C} = {53B14323-5F98-4DAE-8AE9-6201FC102055}
		{59F92158-9F16-4755-8D79-A94854B0FD80} = {6E3A2507-D918-4E51-AA3A-42826E9B85FF}
		{BEE6EB45-86B1-49B2-A400-B61B6ADC2E9B} = {53B14323-5F98-4DAE-8AE9-6201FC102055}
		{FBCDF6E0-C9C9-4CE6-A8AF-AF84C4D2345E} = {33434AF9-7E94-4C6E-B544-443ABB26DFEA}
		{CECC6F6C-BEB3-4538-B53D-89E78F63E7DA} = {33434AF9-7E94-4C6E-B544-443ABB26DFEA}
		{1C17AB5A-A681-4BEC-8FCA-546C7CEF166D} = {41A2CCB0-9BD7-48FF-9758-EB775AE56EEC}
	EndGlobalSection
	GlobalSection(ExtensibilityGlobals) = postSolution
		SolutionGuid = {193E9E7B-1CCC-43BC-B244-E483D2B88FD3}
	EndGlobalSection
EndGlobal
